
Microsoft Visual Studio Solution File, Format Version 12.00
# Visual Studio Version 16
VisualStudioVersion = 16.0.29905.134
MinimumVisualStudioVersion = 10.0.40219.1
Project("{9A19103F-16F7-4668-BE54-9A1E7A4F7556}") = "DevIO.Business", "src\DevIO.Business\DevIO.Business.csproj", "{064B1278-F06D-4716-8344-2A9C395973F6}"
EndProject
Project("{9A19103F-16F7-4668-BE54-9A1E7A4F7556}") = "DevIO.Data", "src\DevIO.Data\DevIO.Data.csproj", "{C9A1DFE5-E66D-4F66-A6F8-CF9D1BCFA64D}"
EndProject
Project("{FAE04EC0-301F-11D3-BF4B-00C04F79EFBC}") = "DevIO.Api", "src\DevIO.Api\DevIO.Api.csproj", "{6104034B-B5AA-40E4-99FA-17F76EA9B88E}"
EndProject
Global
	GlobalSection(SolutionConfigurationPlatforms) = preSolution
		Debug|Any CPU = Debug|Any CPU
		Release|Any CPU = Release|Any CPU
	EndGlobalSection
	GlobalSection(ProjectConfigurationPlatforms) = postSolution
		{064B1278-F06D-4716-8344-2A9C395973F6}.Debug|Any CPU.ActiveCfg = Debug|Any CPU
		{064B1278-F06D-4716-8344-2A9C395973F6}.Debug|Any CPU.Build.0 = Debug|Any CPU
		{064B1278-F06D-4716-8344-2A9C395973F6}.Release|Any CPU.ActiveCfg = Release|Any CPU
		{064B1278-F06D-4716-8344-2A9C395973F6}.Release|Any CPU.Build.0 = Release|Any CPU
		{C9A1DFE5-E66D-4F66-A6F8-CF9D1BCFA64D}.Debug|Any CPU.ActiveCfg = Debug|Any CPU
		{C9A1DFE5-E66D-4F66-A6F8-CF9D1BCFA64D}.Debug|Any CPU.Build.0 = Debug|Any CPU
		{C9A1DFE5-E66D-4F66-A6F8-CF9D1BCFA64D}.Release|Any CPU.ActiveCfg = Release|Any CPU
		{C9A1DFE5-E66D-4F66-A6F8-CF9D1BCFA64D}.Release|Any CPU.Build.0 = Release|Any CPU
		{6104034B-B5AA-40E4-99FA-17F76EA9B88E}.Debug|Any CPU.ActiveCfg = Debug|Any CPU
		{6104034B-B5AA-40E4-99FA-17F76EA9B88E}.Debug|Any CPU.Build.0 = Debug|Any CPU
		{6104034B-B5AA-40E4-99FA-17F76EA9B88E}.Release|Any CPU.ActiveCfg = Release|Any CPU
		{6104034B-B5AA-40E4-99FA-17F76EA9B88E}.Release|Any CPU.Build.0 = Release|Any CPU
	EndGlobalSection
	GlobalSection(SolutionProperties) = preSolution
		HideSolutionNode = FALSE
	EndGlobalSection
	GlobalSection(ExtensibilityGlobals) = postSolution
		SolutionGuid = {F2EBB6C8-13B3-4C4C-BF16-1CC17F5D7AF6}
	EndGlobalSection
EndGlobal
